
Microsoft Visual Studio Solution File, Format Version 12.00
# Visual Studio Version 17
VisualStudioVersion = 17.8.34316.72
MinimumVisualStudioVersion = 10.0.40219.1
Project("{9A19103F-16F7-4668-BE54-9A1E7A4F7556}") = "Domain", "PHAMDANGXUANDUY_NET1601_ASS01.Domain\Domain.csproj", "{1190702B-A24E-4ECB-8980-C8836569F93E}"
EndProject
Project("{9A19103F-16F7-4668-BE54-9A1E7A4F7556}") = "Application", "PHAMDANGXUANDUY_NET1601_ASS01.Application\Application.csproj", "{5A291EEE-F2F9-4C1C-9EE7-F0BD2998B78A}"
EndProject
Project("{9A19103F-16F7-4668-BE54-9A1E7A4F7556}") = "Infrastructure", "PHAMDANGXUANDUY_NET1601_ASS01.Infrastructure\Infrastructure.csproj", "{BEA5E15D-200F-4855-9136-C6510B6CDEEF}"
EndProject
Project("{9A19103F-16F7-4668-BE54-9A1E7A4F7556}") = "WebApi", "WebApi\WebApi.csproj", "{ED622DAE-78DB-49F8-B0AE-721CC4068119}"
EndProject
Project("{9A19103F-16F7-4668-BE54-9A1E7A4F7556}") = "WebMVC", "WebMVC\WebMVC.csproj", "{A23455DA-15A5-440C-99F2-9D5F28FCB381}"
EndProject
Global
	GlobalSection(SolutionConfigurationPlatforms) = preSolution
		Debug|Any CPU = Debug|Any CPU
		Release|Any CPU = Release|Any CPU
	EndGlobalSection
	GlobalSection(ProjectConfigurationPlatforms) = postSolution
		{1190702B-A24E-4ECB-8980-C8836569F93E}.Debug|Any CPU.ActiveCfg = Debug|Any CPU
		{1190702B-A24E-4ECB-8980-C8836569F93E}.Debug|Any CPU.Build.0 = Debug|Any CPU
		{1190702B-A24E-4ECB-8980-C8836569F93E}.Release|Any CPU.ActiveCfg = Release|Any CPU
		{1190702B-A24E-4ECB-8980-C8836569F93E}.Release|Any CPU.Build.0 = Release|Any CPU
		{5A291EEE-F2F9-4C1C-9EE7-F0BD2998B78A}.Debug|Any CPU.ActiveCfg = Debug|Any CPU
		{5A291EEE-F2F9-4C1C-9EE7-F0BD2998B78A}.Debug|Any CPU.Build.0 = Debug|Any CPU
		{5A291EEE-F2F9-4C1C-9EE7-F0BD2998B78A}.Release|Any CPU.ActiveCfg = Release|Any CPU
		{5A291EEE-F2F9-4C1C-9EE7-F0BD2998B78A}.Release|Any CPU.Build.0 = Release|Any CPU
		{BEA5E15D-200F-4855-9136-C6510B6CDEEF}.Debug|Any CPU.ActiveCfg = Debug|Any CPU
		{BEA5E15D-200F-4855-9136-C6510B6CDEEF}.Debug|Any CPU.Build.0 = Debug|Any CPU
		{BEA5E15D-200F-4855-9136-C6510B6CDEEF}.Release|Any CPU.ActiveCfg = Release|Any CPU
		{BEA5E15D-200F-4855-9136-C6510B6CDEEF}.Release|Any CPU.Build.0 = Release|Any CPU
		{ED622DAE-78DB-49F8-B0AE-721CC4068119}.Debug|Any CPU.ActiveCfg = Debug|Any CPU
		{ED622DAE-78DB-49F8-B0AE-721CC4068119}.Debug|Any CPU.Build.0 = Debug|Any CPU
		{ED622DAE-78DB-49F8-B0AE-721CC4068119}.Release|Any CPU.ActiveCfg = Release|Any CPU
		{ED622DAE-78DB-49F8-B0AE-721CC4068119}.Release|Any CPU.Build.0 = Release|Any CPU
		{A23455DA-15A5-440C-99F2-9D5F28FCB381}.Debug|Any CPU.ActiveCfg = Debug|Any CPU
		{A23455DA-15A5-440C-99F2-9D5F28FCB381}.Debug|Any CPU.Build.0 = Debug|Any CPU
		{A23455DA-15A5-440C-99F2-9D5F28FCB381}.Release|Any CPU.ActiveCfg = Release|Any CPU
		{A23455DA-15A5-440C-99F2-9D5F28FCB381}.Release|Any CPU.Build.0 = Release|Any CPU
	EndGlobalSection
	GlobalSection(SolutionProperties) = preSolution
		HideSolutionNode = FALSE
	EndGlobalSection
	GlobalSection(ExtensibilityGlobals) = postSolution
		SolutionGuid = {B0A948C5-162E-4859-B2D5-3B77705E9507}
	EndGlobalSection
EndGlobal
